
Microsoft Visual Studio Solution File, Format Version 12.00
# Visual Studio Version 16
VisualStudioVersion = 16.0.31410.357
MinimumVisualStudioVersion = 10.0.40219.1
Project("{9A19103F-16F7-4668-BE54-9A1E7A4F7556}") = "HyperSpace Cheese Battle", "HyperSpace Cheese Battle\HyperSpace Cheese Battle.csproj", "{D56CDDF6-D481-4BD5-9580-AD82112D4677}"
EndProject
Project("{FAE04EC0-301F-11D3-BF4B-00C04F79EFBC}") = "Countdown Time Calculator", "Timer in WPF\Countdown Time Calculator.csproj", "{1EEADA73-C00F-4203-9F90-A9964659FF9F}"
EndProject
Project("{FAE04EC0-301F-11D3-BF4B-00C04F79EFBC}") = "Reverse Countdown Time Calculator", "Reverse Countdown Time Calculator\Reverse Countdown Time Calculator.csproj", "{DC5BCAED-DF1D-4D40-96DA-3E313227630C}"
EndProject
Project("{9A19103F-16F7-4668-BE54-9A1E7A4F7556}") = "Read_Write_Files", "Read_Write_Files\Read_Write_Files.csproj", "{614CE7ED-744C-471E-8A41-ED026C3BCC93}"
EndProject
Project("{FAE04EC0-301F-11D3-BF4B-00C04F79EFBC}") = "Dodgy_Dice_Project", "Dodgy_Dice_Project\Dodgy_Dice_Project.csproj", "{7C5883CE-CDC5-4583-9613-23218D81D287}"
EndProject
Project("{9A19103F-16F7-4668-BE54-9A1E7A4F7556}") = "Fair_Dice", "Fair_Dice\Fair_Dice.csproj", "{6E23AABF-B60F-40E6-A5F1-275DE44CC864}"
EndProject
Project("{FAE04EC0-301F-11D3-BF4B-00C04F79EFBC}") = "GridView_Lesson", "GridView_Lesson\GridView_Lesson.csproj", "{CEC8581D-CAB6-40F9-8DE4-AD99F8E33F70}"
EndProject
Global
	GlobalSection(SolutionConfigurationPlatforms) = preSolution
		Debug|Any CPU = Debug|Any CPU
		Release|Any CPU = Release|Any CPU
	EndGlobalSection
	GlobalSection(ProjectConfigurationPlatforms) = postSolution
		{D56CDDF6-D481-4BD5-9580-AD82112D4677}.Debug|Any CPU.ActiveCfg = Debug|Any CPU
		{D56CDDF6-D481-4BD5-9580-AD82112D4677}.Debug|Any CPU.Build.0 = Debug|Any CPU
		{D56CDDF6-D481-4BD5-9580-AD82112D4677}.Release|Any CPU.ActiveCfg = Release|Any CPU
		{D56CDDF6-D481-4BD5-9580-AD82112D4677}.Release|Any CPU.Build.0 = Release|Any CPU
		{1EEADA73-C00F-4203-9F90-A9964659FF9F}.Debug|Any CPU.ActiveCfg = Debug|Any CPU
		{1EEADA73-C00F-4203-9F90-A9964659FF9F}.Debug|Any CPU.Build.0 = Debug|Any CPU
		{1EEADA73-C00F-4203-9F90-A9964659FF9F}.Release|Any CPU.ActiveCfg = Release|Any CPU
		{1EEADA73-C00F-4203-9F90-A9964659FF9F}.Release|Any CPU.Build.0 = Release|Any CPU
		{DC5BCAED-DF1D-4D40-96DA-3E313227630C}.Debug|Any CPU.ActiveCfg = Debug|Any CPU
		{DC5BCAED-DF1D-4D40-96DA-3E313227630C}.Debug|Any CPU.Build.0 = Debug|Any CPU
		{DC5BCAED-DF1D-4D40-96DA-3E313227630C}.Release|Any CPU.ActiveCfg = Release|Any CPU
		{DC5BCAED-DF1D-4D40-96DA-3E313227630C}.Release|Any CPU.Build.0 = Release|Any CPU
		{614CE7ED-744C-471E-8A41-ED026C3BCC93}.Debug|Any CPU.ActiveCfg = Debug|Any CPU
		{614CE7ED-744C-471E-8A41-ED026C3BCC93}.Debug|Any CPU.Build.0 = Debug|Any CPU
		{614CE7ED-744C-471E-8A41-ED026C3BCC93}.Release|Any CPU.ActiveCfg = Release|Any CPU
		{614CE7ED-744C-471E-8A41-ED026C3BCC93}.Release|Any CPU.Build.0 = Release|Any CPU
		{7C5883CE-CDC5-4583-9613-23218D81D287}.Debug|Any CPU.ActiveCfg = Debug|Any CPU
		{7C5883CE-CDC5-4583-9613-23218D81D287}.Debug|Any CPU.Build.0 = Debug|Any CPU
		{7C5883CE-CDC5-4583-9613-23218D81D287}.Release|Any CPU.ActiveCfg = Release|Any CPU
		{7C5883CE-CDC5-4583-9613-23218D81D287}.Release|Any CPU.Build.0 = Release|Any CPU
		{6E23AABF-B60F-40E6-A5F1-275DE44CC864}.Debug|Any CPU.ActiveCfg = Debug|Any CPU
		{6E23AABF-B60F-40E6-A5F1-275DE44CC864}.Debug|Any CPU.Build.0 = Debug|Any CPU
		{6E23AABF-B60F-40E6-A5F1-275DE44CC864}.Release|Any CPU.ActiveCfg = Release|Any CPU
		{6E23AABF-B60F-40E6-A5F1-275DE44CC864}.Release|Any CPU.Build.0 = Release|Any CPU
		{CEC8581D-CAB6-40F9-8DE4-AD99F8E33F70}.Debug|Any CPU.ActiveCfg = Debug|Any CPU
		{CEC8581D-CAB6-40F9-8DE4-AD99F8E33F70}.Debug|Any CPU.Build.0 = Debug|Any CPU
		{CEC8581D-CAB6-40F9-8DE4-AD99F8E33F70}.Release|Any CPU.ActiveCfg = Release|Any CPU
		{CEC8581D-CAB6-40F9-8DE4-AD99F8E33F70}.Release|Any CPU.Build.0 = Release|Any CPU
	EndGlobalSection
	GlobalSection(SolutionProperties) = preSolution
		HideSolutionNode = FALSE
	EndGlobalSection
	GlobalSection(ExtensibilityGlobals) = postSolution
		SolutionGuid = {953FD163-5021-42D6-93AF-B8BC04441A74}
	EndGlobalSection
EndGlobal
